
Microsoft Visual Studio Solution File, Format Version 12.00
# Visual Studio 14
VisualStudioVersion = 14.0.25420.1
MinimumVisualStudioVersion = 10.0.40219.1
Project("{8BC9CEB8-8B4A-11D0-8D11-00A0C91BC942}") = "Kiem_Tra_So_Pytago", "Project1\Project1.vcxproj", "{A5EB3DA6-DCAF-4270-B144-8475C1435672}"
EndProject
Project("{8BC9CEB8-8B4A-11D0-8D11-00A0C91BC942}") = "Tong_cac_phan_tu_cua_Mang", "Project2\Project2.vcxproj", "{3B26EEA7-C114-4816-90DE-93B5F9F5D1C9}"
EndProject
Project("{8BC9CEB8-8B4A-11D0-8D11-00A0C91BC942}") = "VE_HINH", "Project3\Project3.vcxproj", "{80A1A8AA-9CD7-44D5-8E55-9EDBB7880B6D}"
EndProject
Project("{8BC9CEB8-8B4A-11D0-8D11-00A0C91BC942}") = "KIEMTRA_MANGa_COPHAIHOANVI_CUA_MANGb", "Project4\Project4.vcxproj", "{CCC2D35F-23E3-4D7C-AE17-60526C5F3FDD}"
EndProject
Project("{8BC9CEB8-8B4A-11D0-8D11-00A0C91BC942}") = "hoanvi_MANG", "Project5\Project5.vcxproj", "{11B6837C-B4FB-4274-84CF-45AB51921A96}"
EndProject
Project("{8BC9CEB8-8B4A-11D0-8D11-00A0C91BC942}") = "TOI GIAN a chia b", "Project6\Project6.vcxproj", "{547B01E3-4788-4483-B7FF-6849B9A4E0D1}"
EndProject
Project("{8BC9CEB8-8B4A-11D0-8D11-00A0C91BC942}") = "UCLN cua ham", "Project7\Project7.vcxproj", "{BA531DDA-27D6-4033-87DF-C5F60DFCB0E4}"
EndProject
Project("{8BC9CEB8-8B4A-11D0-8D11-00A0C91BC942}") = "hoanvi1so", "hoanvi1so\hoanvi1so.vcxproj", "{2981F705-0633-4F4B-817C-1D72F52CC75D}"
EndProject
Global
	GlobalSection(SolutionConfigurationPlatforms) = preSolution
		Debug|x64 = Debug|x64
		Debug|x86 = Debug|x86
		Release|x64 = Release|x64
		Release|x86 = Release|x86
	EndGlobalSection
	GlobalSection(ProjectConfigurationPlatforms) = postSolution
		{A5EB3DA6-DCAF-4270-B144-8475C1435672}.Debug|x64.ActiveCfg = Debug|x64
		{A5EB3DA6-DCAF-4270-B144-8475C1435672}.Debug|x64.Build.0 = Debug|x64
		{A5EB3DA6-DCAF-4270-B144-8475C1435672}.Debug|x86.ActiveCfg = Debug|Win32
		{A5EB3DA6-DCAF-4270-B144-8475C1435672}.Debug|x86.Build.0 = Debug|Win32
		{A5EB3DA6-DCAF-4270-B144-8475C1435672}.Release|x64.ActiveCfg = Release|x64
		{A5EB3DA6-DCAF-4270-B144-8475C1435672}.Release|x64.Build.0 = Release|x64
		{A5EB3DA6-DCAF-4270-B144-8475C1435672}.Release|x86.ActiveCfg = Release|Win32
		{A5EB3DA6-DCAF-4270-B144-8475C1435672}.Release|x86.Build.0 = Release|Win32
		{3B26EEA7-C114-4816-90DE-93B5F9F5D1C9}.Debug|x64.ActiveCfg = Debug|x64
		{3B26EEA7-C114-4816-90DE-93B5F9F5D1C9}.Debug|x64.Build.0 = Debug|x64
		{3B26EEA7-C114-4816-90DE-93B5F9F5D1C9}.Debug|x86.ActiveCfg = Debug|Win32
		{3B26EEA7-C114-4816-90DE-93B5F9F5D1C9}.Debug|x86.Build.0 = Debug|Win32
		{3B26EEA7-C114-4816-90DE-93B5F9F5D1C9}.Release|x64.ActiveCfg = Release|x64
		{3B26EEA7-C114-4816-90DE-93B5F9F5D1C9}.Release|x64.Build.0 = Release|x64
		{3B26EEA7-C114-4816-90DE-93B5F9F5D1C9}.Release|x86.ActiveCfg = Release|Win32
		{3B26EEA7-C114-4816-90DE-93B5F9F5D1C9}.Release|x86.Build.0 = Release|Win32
		{80A1A8AA-9CD7-44D5-8E55-9EDBB7880B6D}.Debug|x64.ActiveCfg = Debug|x64
		{80A1A8AA-9CD7-44D5-8E55-9EDBB7880B6D}.Debug|x64.Build.0 = Debug|x64
		{80A1A8AA-9CD7-44D5-8E55-9EDBB7880B6D}.Debug|x86.ActiveCfg = Debug|Win32
		{80A1A8AA-9CD7-44D5-8E55-9EDBB7880B6D}.Debug|x86.Build.0 = Debug|Win32
		{80A1A8AA-9CD7-44D5-8E55-9EDBB7880B6D}.Release|x64.ActiveCfg = Release|x64
		{80A1A8AA-9CD7-44D5-8E55-9EDBB7880B6D}.Release|x64.Build.0 = Release|x64
		{80A1A8AA-9CD7-44D5-8E55-9EDBB7880B6D}.Release|x86.ActiveCfg = Release|Win32
		{80A1A8AA-9CD7-44D5-8E55-9EDBB7880B6D}.Release|x86.Build.0 = Release|Win32
		{CCC2D35F-23E3-4D7C-AE17-60526C5F3FDD}.Debug|x64.ActiveCfg = Debug|x64
		{CCC2D35F-23E3-4D7C-AE17-60526C5F3FDD}.Debug|x64.Build.0 = Debug|x64
		{CCC2D35F-23E3-4D7C-AE17-60526C5F3FDD}.Debug|x86.ActiveCfg = Debug|Win32
		{CCC2D35F-23E3-4D7C-AE17-60526C5F3FDD}.Debug|x86.Build.0 = Debug|Win32
		{CCC2D35F-23E3-4D7C-AE17-60526C5F3FDD}.Release|x64.ActiveCfg = Release|x64
		{CCC2D35F-23E3-4D7C-AE17-60526C5F3FDD}.Release|x64.Build.0 = Release|x64
		{CCC2D35F-23E3-4D7C-AE17-60526C5F3FDD}.Release|x86.ActiveCfg = Release|Win32
		{CCC2D35F-23E3-4D7C-AE17-60526C5F3FDD}.Release|x86.Build.0 = Release|Win32
		{11B6837C-B4FB-4274-84CF-45AB51921A96}.Debug|x64.ActiveCfg = Debug|x64
		{11B6837C-B4FB-4274-84CF-45AB51921A96}.Debug|x64.Build.0 = Debug|x64
		{11B6837C-B4FB-4274-84CF-45AB51921A96}.Debug|x86.ActiveCfg = Debug|Win32
		{11B6837C-B4FB-4274-84CF-45AB51921A96}.Debug|x86.Build.0 = Debug|Win32
		{11B6837C-B4FB-4274-84CF-45AB51921A96}.Release|x64.ActiveCfg = Release|x64
		{11B6837C-B4FB-4274-84CF-45AB51921A96}.Release|x64.Build.0 = Release|x64
		{11B6837C-B4FB-4274-84CF-45AB51921A96}.Release|x86.ActiveCfg = Release|Win32
		{11B6837C-B4FB-4274-84CF-45AB51921A96}.Release|x86.Build.0 = Release|Win32
		{547B01E3-4788-4483-B7FF-6849B9A4E0D1}.Debug|x64.ActiveCfg = Debug|x64
		{547B01E3-4788-4483-B7FF-6849B9A4E0D1}.Debug|x64.Build.0 = Debug|x64
		{547B01E3-4788-4483-B7FF-6849B9A4E0D1}.Debug|x86.ActiveCfg = Debug|Win32
		{547B01E3-4788-4483-B7FF-6849B9A4E0D1}.Debug|x86.Build.0 = Debug|Win32
		{547B01E3-4788-4483-B7FF-6849B9A4E0D1}.Release|x64.ActiveCfg = Release|x64
		{547B01E3-4788-4483-B7FF-6849B9A4E0D1}.Release|x64.Build.0 = Release|x64
		{547B01E3-4788-4483-B7FF-6849B9A4E0D1}.Release|x86.ActiveCfg = Release|Win32
		{547B01E3-4788-4483-B7FF-6849B9A4E0D1}.Release|x86.Build.0 = Release|Win32
		{BA531DDA-27D6-4033-87DF-C5F60DFCB0E4}.Debug|x64.ActiveCfg = Debug|x64
		{BA531DDA-27D6-4033-87DF-C5F60DFCB0E4}.Debug|x64.Build.0 = Debug|x64
		{BA531DDA-27D6-4033-87DF-C5F60DFCB0E4}.Debug|x86.ActiveCfg = Debug|Win32
		{BA531DDA-27D6-4033-87DF-C5F60DFCB0E4}.Debug|x86.Build.0 = Debug|Win32
		{BA531DDA-27D6-4033-87DF-C5F60DFCB0E4}.Release|x64.ActiveCfg = Release|x64
		{BA531DDA-27D6-4033-87DF-C5F60DFCB0E4}.Release|x64.Build.0 = Release|x64
		{BA531DDA-27D6-4033-87DF-C5F60DFCB0E4}.Release|x86.ActiveCfg = Release|Win32
		{BA531DDA-27D6-4033-87DF-C5F60DFCB0E4}.Release|x86.Build.0 = Release|Win32
		{2981F705-0633-4F4B-817C-1D72F52CC75D}.Debug|x64.ActiveCfg = Debug|x64
		{2981F705-0633-4F4B-817C-1D72F52CC75D}.Debug|x64.Build.0 = Debug|x64
		{2981F705-0633-4F4B-817C-1D72F52CC75D}.Debug|x86.ActiveCfg = Debug|Win32
		{2981F705-0633-4F4B-817C-1D72F52CC75D}.Debug|x86.Build.0 = Debug|Win32
		{2981F705-0633-4F4B-817C-1D72F52CC75D}.Release|x64.ActiveCfg = Release|x64
		{2981F705-0633-4F4B-817C-1D72F52CC75D}.Release|x64.Build.0 = Release|x64
		{2981F705-0633-4F4B-817C-1D72F52CC75D}.Release|x86.ActiveCfg = Release|Win32
		{2981F705-0633-4F4B-817C-1D72F52CC75D}.Release|x86.Build.0 = Release|Win32
	EndGlobalSection
	GlobalSection(SolutionProperties) = preSolution
		HideSolutionNode = FALSE
	EndGlobalSection
EndGlobal
